
Microsoft Visual Studio Solution File, Format Version 12.00
# Visual Studio Version 16
VisualStudioVersion = 16.0.31410.357
MinimumVisualStudioVersion = 10.0.40219.1
Project("{FAE04EC0-301F-11D3-BF4B-00C04F79EFBC}") = "StrategyPatternSample", "StrategyPatternSample\StrategyPatternSample.csproj", "{A42136CB-1322-4230-830E-433B64344D1A}"
EndProject
Global
	GlobalSection(SolutionConfigurationPlatforms) = preSolution
		Debug|Any CPU = Debug|Any CPU
		Release|Any CPU = Release|Any CPU
	EndGlobalSection
	GlobalSection(ProjectConfigurationPlatforms) = postSolution
		{A42136CB-1322-4230-830E-433B64344D1A}.Debug|Any CPU.ActiveCfg = Debug|Any CPU
		{A42136CB-1322-4230-830E-433B64344D1A}.Debug|Any CPU.Build.0 = Debug|Any CPU
		{A42136CB-1322-4230-830E-433B64344D1A}.Release|Any CPU.ActiveCfg = Release|Any CPU
		{A42136CB-1322-4230-830E-433B64344D1A}.Release|Any CPU.Build.0 = Release|Any CPU
	EndGlobalSection
	GlobalSection(SolutionProperties) = preSolution
		HideSolutionNode = FALSE
	EndGlobalSection
	GlobalSection(ExtensibilityGlobals) = postSolution
		SolutionGuid = {D43FA445-EC1E-40BF-9BA9-47021C16E008}
	EndGlobalSection
EndGlobal
